
Microsoft Visual Studio Solution File, Format Version 12.00
# Visual Studio Version 16
VisualStudioVersion = 16.0.30907.101
MinimumVisualStudioVersion = 10.0.40219.1
Project("{FAE04EC0-301F-11D3-BF4B-00C04F79EFBC}") = "WebSite", "WebSite.csproj", "{841D378A-D2BA-4638-9F74-C4D066FCC858}"
EndProject
Global
	GlobalSection(SolutionConfigurationPlatforms) = preSolution
		Debug|Any CPU = Debug|Any CPU
		Release|Any CPU = Release|Any CPU
	EndGlobalSection
	GlobalSection(ProjectConfigurationPlatforms) = postSolution
		{841D378A-D2BA-4638-9F74-C4D066FCC858}.Debug|Any CPU.ActiveCfg = Debug|Any CPU
		{841D378A-D2BA-4638-9F74-C4D066FCC858}.Debug|Any CPU.Build.0 = Debug|Any CPU
		{841D378A-D2BA-4638-9F74-C4D066FCC858}.Release|Any CPU.ActiveCfg = Release|Any CPU
		{841D378A-D2BA-4638-9F74-C4D066FCC858}.Release|Any CPU.Build.0 = Release|Any CPU
	EndGlobalSection
	GlobalSection(SolutionProperties) = preSolution
		HideSolutionNode = FALSE
	EndGlobalSection
	GlobalSection(ExtensibilityGlobals) = postSolution
		SolutionGuid = {6CC3CA6D-D9DB-4E07-8DAF-624284894A00}
	EndGlobalSection
EndGlobal
